
Microsoft Visual Studio Solution File, Format Version 12.00
# Visual Studio Version 18
VisualStudioVersion = 18.4.11620.152
MinimumVisualStudioVersion = 10.0.40219.1
Project("{FAE04EC0-301F-11D3-BF4B-00C04F79EFBC}") = "StepanCarSevice.AuthService.API", "Services\Auth\StepanCarSevice.AuthService\StepanCarSevice.AuthService.API.csproj", "{9725CC31-DE60-F539-6DA7-1BCF116AA361}"
EndProject
Project("{2150E333-8FDC-42A3-9474-1A3956D46DE8}") = "Services", "Services", "{36D591C7-65C7-A0D1-1CBC-10CDE441BDC8}"
EndProject
Project("{FAE04EC0-301F-11D3-BF4B-00C04F79EFBC}") = "StepanCarSevice.AuthService.Domain", "Services\Auth\StepanCarSevice.AuthService.Domain\StepanCarSevice.AuthService.Domain.csproj", "{18A00390-43D6-4602-A687-1C87EF1EF18F}"
EndProject
Project("{FAE04EC0-301F-11D3-BF4B-00C04F79EFBC}") = "StepanCarSevice.AuthService.Infrastructure", "Services\Auth\StepanCarSevice.AuthService.Infrastructure\StepanCarSevice.AuthService.Infrastructure.csproj", "{A3EB7822-0E9D-4808-BFBC-CE7D3A1EB49A}"
EndProject
Project("{2150E333-8FDC-42A3-9474-1A3956D46DE8}") = "Auth", "Auth", "{A45A6CC6-7B15-4CBF-9DB8-5BD83628746C}"
EndProject
Project("{FAE04EC0-301F-11D3-BF4B-00C04F79EFBC}") = "StepanCarSevice.AuthService.Application", "Services\Auth\StepanCarSevice.AuthService.Application\StepanCarSevice.AuthService.Application.csproj", "{719DDF97-8EE1-4878-A7D8-D243B65C33A3}"
EndProject
Project("{2150E333-8FDC-42A3-9474-1A3956D46DE8}") = "Detail", "Detail", "{8AB4604B-5289-4408-986B-26749C138922}"
EndProject
Project("{2150E333-8FDC-42A3-9474-1A3956D46DE8}") = "Visit", "Visit", "{6F26A455-D9DA-4FF7-BD31-37C37C5205D7}"
EndProject
Project("{FAE04EC0-301F-11D3-BF4B-00C04F79EFBC}") = "StepanCarSevice.DetailService.Domain", "Services\Detail\StepanCarSevice.DetailService.Domain\StepanCarSevice.DetailService.Domain.csproj", "{0D12C02A-855C-4DE2-891E-AAB43904AEEA}"
EndProject
Project("{FAE04EC0-301F-11D3-BF4B-00C04F79EFBC}") = "StepanCarSevice.DetailService.Application", "Services\Detail\StepanCarSevice.DetailService.Application\StepanCarSevice.DetailService.Application.csproj", "{964550B6-6BC7-401C-9837-57D980FB2978}"
EndProject
Project("{FAE04EC0-301F-11D3-BF4B-00C04F79EFBC}") = "StepanCarSevice.DetailService.Infrastructure", "Services\Detail\StepanCarSevice.DetailService.Infrastructure\StepanCarSevice.DetailService.Infrastructure.csproj", "{E7DF5207-6CD9-465B-848D-D5CB67A3FF9B}"
EndProject
Project("{FAE04EC0-301F-11D3-BF4B-00C04F79EFBC}") = "StepanCarSevice.DetailService.API", "Services\Detail\StepanCarSevice.DetailService.API\StepanCarSevice.DetailService.API.csproj", "{45CEC96C-E173-44C8-BA77-ADFB28FD62B3}"
EndProject
Project("{FAE04EC0-301F-11D3-BF4B-00C04F79EFBC}") = "StepanCarSevice.VisitService.API", "Services\Visit\StepanCarSevice.VisitService.API\StepanCarSevice.VisitService.API.csproj", "{97FB5548-5131-4F82-AD18-42576D6BDF62}"
EndProject
Project("{FAE04EC0-301F-11D3-BF4B-00C04F79EFBC}") = "StepanCarSevice.VisitService.Application", "Services\Visit\StepanCarSevice.VisitService.Application\StepanCarSevice.VisitService.Application.csproj", "{D8809347-9362-433F-B211-1B8DCDF55E51}"
EndProject
Project("{FAE04EC0-301F-11D3-BF4B-00C04F79EFBC}") = "StepanCarSevice.VisitService.Domain", "Services\Visit\StepanCarSevice.VisitService.Domain\StepanCarSevice.VisitService.Domain.csproj", "{6D0C7940-D537-4CC7-9FDB-B77E7353E8EC}"
EndProject
Project("{FAE04EC0-301F-11D3-BF4B-00C04F79EFBC}") = "StepanCarSevice.VisitService.Infrastructure", "Services\Visit\StepanCarSevice.VisitService.Infrastructure\StepanCarSevice.VisitService.Infrastructure.csproj", "{AD3127B5-6A1B-4A5D-AD8D-2368B4557070}"
EndProject
Project("{FAE04EC0-301F-11D3-BF4B-00C04F79EFBC}") = "StepanCarService.Core", "Core\StepanCarService.Core\StepanCarService.Core.csproj", "{97CE1883-D707-49D4-B416-7ECDACDB29E1}"
EndProject
Project("{2150E333-8FDC-42A3-9474-1A3956D46DE8}") = "Core", "Core", "{8E0361AB-2F31-4477-BCFF-45FEEA21FFCB}"
EndProject
Project("{FAE04EC0-301F-11D3-BF4B-00C04F79EFBC}") = "StepanCarService.Web", "Core\StepanCarService.Web\StepanCarService.Web.csproj", "{1429853C-18A1-41DE-A77F-47CEE7ABDD76}"
EndProject
Project("{2150E333-8FDC-42A3-9474-1A3956D46DE8}") = "Tenant", "Tenant", "{DD80A110-ABCC-4C4D-A361-06630A581EB8}"
EndProject
Project("{FAE04EC0-301F-11D3-BF4B-00C04F79EFBC}") = "StepanCarService.TenantService.API", "Services\Tenant\StepanCarService.TenantService.API\StepanCarService.TenantService.API.csproj", "{D1F10E98-2AF7-49B3-AD89-400B156C9E6B}"
EndProject
Project("{FAE04EC0-301F-11D3-BF4B-00C04F79EFBC}") = "StepanCarService.TenantService.Application", "Services\Tenant\StepanCarService.TenantService.Application\StepanCarService.TenantService.Application.csproj", "{038122DF-B803-4EA8-A4DD-B0C887D589A4}"
EndProject
Project("{FAE04EC0-301F-11D3-BF4B-00C04F79EFBC}") = "StepanCarService.TenantService.Infrastructure", "Services\Tenant\StepanCarService.TenantService.Infrastructure\StepanCarService.TenantService.Infrastructure.csproj", "{3C8BF8CB-447E-4FA8-A64C-198091C8D2D9}"
EndProject
Global
	GlobalSection(SolutionConfigurationPlatforms) = preSolution
		Debug|Any CPU = Debug|Any CPU
		Debug|x64 = Debug|x64
		Debug|x86 = Debug|x86
		Release|Any CPU = Release|Any CPU
		Release|x64 = Release|x64
		Release|x86 = Release|x86
	EndGlobalSection
	GlobalSection(ProjectConfigurationPlatforms) = postSolution
		{9725CC31-DE60-F539-6DA7-1BCF116AA361}.Debug|Any CPU.ActiveCfg = Debug|Any CPU
		{9725CC31-DE60-F539-6DA7-1BCF116AA361}.Debug|Any CPU.Build.0 = Debug|Any CPU
		{9725CC31-DE60-F539-6DA7-1BCF116AA361}.Debug|x64.ActiveCfg = Debug|Any CPU
		{9725CC31-DE60-F539-6DA7-1BCF116AA361}.Debug|x64.Build.0 = Debug|Any CPU
		{9725CC31-DE60-F539-6DA7-1BCF116AA361}.Debug|x86.ActiveCfg = Debug|Any CPU
		{9725CC31-DE60-F539-6DA7-1BCF116AA361}.Debug|x86.Build.0 = Debug|Any CPU
		{9725CC31-DE60-F539-6DA7-1BCF116AA361}.Release|Any CPU.ActiveCfg = Release|Any CPU
		{9725CC31-DE60-F539-6DA7-1BCF116AA361}.Release|Any CPU.Build.0 = Release|Any CPU
		{9725CC31-DE60-F539-6DA7-1BCF116AA361}.Release|x64.ActiveCfg = Release|Any CPU
		{9725CC31-DE60-F539-6DA7-1BCF116AA361}.Release|x64.Build.0 = Release|Any CPU
		{9725CC31-DE60-F539-6DA7-1BCF116AA361}.Release|x86.ActiveCfg = Release|Any CPU
		{9725CC31-DE60-F539-6DA7-1BCF116AA361}.Release|x86.Build.0 = Release|Any CPU
		{18A00390-43D6-4602-A687-1C87EF1EF18F}.Debug|Any CPU.ActiveCfg = Debug|Any CPU
		{18A00390-43D6-4602-A687-1C87EF1EF18F}.Debug|Any CPU.Build.0 = Debug|Any CPU
		{18A00390-43D6-4602-A687-1C87EF1EF18F}.Debug|x64.ActiveCfg = Debug|Any CPU
		{18A00390-43D6-4602-A687-1C87EF1EF18F}.Debug|x64.Build.0 = Debug|Any CPU
		{18A00390-43D6-4602-A687-1C87EF1EF18F}.Debug|x86.ActiveCfg = Debug|Any CPU
		{18A00390-43D6-4602-A687-1C87EF1EF18F}.Debug|x86.Build.0 = Debug|Any CPU
		{18A00390-43D6-4602-A687-1C87EF1EF18F}.Release|Any CPU.ActiveCfg = Release|Any CPU
		{18A00390-43D6-4602-A687-1C87EF1EF18F}.Release|Any CPU.Build.0 = Release|Any CPU
		{18A00390-43D6-4602-A687-1C87EF1EF18F}.Release|x64.ActiveCfg = Release|Any CPU
		{18A00390-43D6-4602-A687-1C87EF1EF18F}.Release|x64.Build.0 = Release|Any CPU
		{18A00390-43D6-4602-A687-1C87EF1EF18F}.Release|x86.ActiveCfg = Release|Any CPU
		{18A00390-43D6-4602-A687-1C87EF1EF18F}.Release|x86.Build.0 = Release|Any CPU
		{A3EB7822-0E9D-4808-BFBC-CE7D3A1EB49A}.Debug|Any CPU.ActiveCfg = Debug|Any CPU
		{A3EB7822-0E9D-4808-BFBC-CE7D3A1EB49A}.Debug|Any CPU.Build.0 = Debug|Any CPU
		{A3EB7822-0E9D-4808-BFBC-CE7D3A1EB49A}.Debug|x64.ActiveCfg = Debug|Any CPU
		{A3EB7822-0E9D-4808-BFBC-CE7D3A1EB49A}.Debug|x64.Build.0 = Debug|Any CPU
		{A3EB7822-0E9D-4808-BFBC-CE7D3A1EB49A}.Debug|x86.ActiveCfg = Debug|Any CPU
		{A3EB7822-0E9D-4808-BFBC-CE7D3A1EB49A}.Debug|x86.Build.0 = Debug|Any CPU
		{A3EB7822-0E9D-4808-BFBC-CE7D3A1EB49A}.Release|Any CPU.ActiveCfg = Release|Any CPU
		{A3EB7822-0E9D-4808-BFBC-CE7D3A1EB49A}.Release|Any CPU.Build.0 = Release|Any CPU
		{A3EB7822-0E9D-4808-BFBC-CE7D3A1EB49A}.Release|x64.ActiveCfg = Release|Any CPU
		{A3EB7822-0E9D-4808-BFBC-CE7D3A1EB49A}.Release|x64.Build.0 = Release|Any CPU
		{A3EB7822-0E9D-4808-BFBC-CE7D3A1EB49A}.Release|x86.ActiveCfg = Release|Any CPU
		{A3EB7822-0E9D-4808-BFBC-CE7D3A1EB49A}.Release|x86.Build.0 = Release|Any CPU
		{719DDF97-8EE1-4878-A7D8-D243B65C33A3}.Debug|Any CPU.ActiveCfg = Debug|Any CPU
		{719DDF97-8EE1-4878-A7D8-D243B65C33A3}.Debug|Any CPU.Build.0 = Debug|Any CPU
		{719DDF97-8EE1-4878-A7D8-D243B65C33A3}.Debug|x64.ActiveCfg = Debug|Any CPU
		{719DDF97-8EE1-4878-A7D8-D243B65C33A3}.Debug|x64.Build.0 = Debug|Any CPU
		{719DDF97-8EE1-4878-A7D8-D243B65C33A3}.Debug|x86.ActiveCfg = Debug|Any CPU
		{719DDF97-8EE1-4878-A7D8-D243B65C33A3}.Debug|x86.Build.0 = Debug|Any CPU
		{719DDF97-8EE1-4878-A7D8-D243B65C33A3}.Release|Any CPU.ActiveCfg = Release|Any CPU
		{719DDF97-8EE1-4878-A7D8-D243B65C33A3}.Release|Any CPU.Build.0 = Release|Any CPU
		{719DDF97-8EE1-4878-A7D8-D243B65C33A3}.Release|x64.ActiveCfg = Release|Any CPU
		{719DDF97-8EE1-4878-A7D8-D243B65C33A3}.Release|x64.Build.0 = Release|Any CPU
		{719DDF97-8EE1-4878-A7D8-D243B65C33A3}.Release|x86.ActiveCfg = Release|Any CPU
		{719DDF97-8EE1-4878-A7D8-D243B65C33A3}.Release|x86.Build.0 = Release|Any CPU
		{0D12C02A-855C-4DE2-891E-AAB43904AEEA}.Debug|Any CPU.ActiveCfg = Debug|Any CPU
		{0D12C02A-855C-4DE2-891E-AAB43904AEEA}.Debug|Any CPU.Build.0 = Debug|Any CPU
		{0D12C02A-855C-4DE2-891E-AAB43904AEEA}.Debug|x64.ActiveCfg = Debug|Any CPU
		{0D12C02A-855C-4DE2-891E-AAB43904AEEA}.Debug|x64.Build.0 = Debug|Any CPU
		{0D12C02A-855C-4DE2-891E-AAB43904AEEA}.Debug|x86.ActiveCfg = Debug|Any CPU
		{0D12C02A-855C-4DE2-891E-AAB43904AEEA}.Debug|x86.Build.0 = Debug|Any CPU
		{0D12C02A-855C-4DE2-891E-AAB43904AEEA}.Release|Any CPU.ActiveCfg = Release|Any CPU
		{0D12C02A-855C-4DE2-891E-AAB43904AEEA}.Release|Any CPU.Build.0 = Release|Any CPU
		{0D12C02A-855C-4DE2-891E-AAB43904AEEA}.Release|x64.ActiveCfg = Release|Any CPU
		{0D12C02A-855C-4DE2-891E-AAB43904AEEA}.Release|x64.Build.0 = Release|Any CPU
		{0D12C02A-855C-4DE2-891E-AAB43904AEEA}.Release|x86.ActiveCfg = Release|Any CPU
		{0D12C02A-855C-4DE2-891E-AAB43904AEEA}.Release|x86.Build.0 = Release|Any CPU
		{964550B6-6BC7-401C-9837-57D980FB2978}.Debug|Any CPU.ActiveCfg = Debug|Any CPU
		{964550B6-6BC7-401C-9837-57D980FB2978}.Debug|Any CPU.Build.0 = Debug|Any CPU
		{964550B6-6BC7-401C-9837-57D980FB2978}.Debug|x64.ActiveCfg = Debug|Any CPU
		{964550B6-6BC7-401C-9837-57D980FB2978}.Debug|x64.Build.0 = Debug|Any CPU
		{964550B6-6BC7-401C-9837-57D980FB2978}.Debug|x86.ActiveCfg = Debug|Any CPU
		{964550B6-6BC7-401C-9837-57D980FB2978}.Debug|x86.Build.0 = Debug|Any CPU
		{964550B6-6BC7-401C-9837-57D980FB2978}.Release|Any CPU.ActiveCfg = Release|Any CPU
		{964550B6-6BC7-401C-9837-57D980FB2978}.Release|Any CPU.Build.0 = Release|Any CPU
		{964550B6-6BC7-401C-9837-57D980FB2978}.Release|x64.ActiveCfg = Release|Any CPU
		{964550B6-6BC7-401C-9837-57D980FB2978}.Release|x64.Build.0 = Release|Any CPU
		{964550B6-6BC7-401C-9837-57D980FB2978}.Release|x86.ActiveCfg = Release|Any CPU
		{964550B6-6BC7-401C-9837-57D980FB2978}.Release|x86.Build.0 = Release|Any CPU
		{E7DF5207-6CD9-465B-848D-D5CB67A3FF9B}.Debug|Any CPU.ActiveCfg = Debug|Any CPU
		{E7DF5207-6CD9-465B-848D-D5CB67A3FF9B}.Debug|Any CPU.Build.0 = Debug|Any CPU
		{E7DF5207-6CD9-465B-848D-D5CB67A3FF9B}.Debug|x64.ActiveCfg = Debug|Any CPU
		{E7DF5207-6CD9-465B-848D-D5CB67A3FF9B}.Debug|x64.Build.0 = Debug|Any CPU
		{E7DF5207-6CD9-465B-848D-D5CB67A3FF9B}.Debug|x86.ActiveCfg = Debug|Any CPU
		{E7DF5207-6CD9-465B-848D-D5CB67A3FF9B}.Debug|x86.Build.0 = Debug|Any CPU
		{E7DF5207-6CD9-465B-848D-D5CB67A3FF9B}.Release|Any CPU.ActiveCfg = Release|Any CPU
		{E7DF5207-6CD9-465B-848D-D5CB67A3FF9B}.Release|Any CPU.Build.0 = Release|Any CPU
		{E7DF5207-6CD9-465B-848D-D5CB67A3FF9B}.Release|x64.ActiveCfg = Release|Any CPU
		{E7DF5207-6CD9-465B-848D-D5CB67A3FF9B}.Release|x64.Build.0 = Release|Any CPU
		{E7DF5207-6CD9-465B-848D-D5CB67A3FF9B}.Release|x86.ActiveCfg = Release|Any CPU
		{E7DF5207-6CD9-465B-848D-D5CB67A3FF9B}.Release|x86.Build.0 = Release|Any CPU
		{45CEC96C-E173-44C8-BA77-ADFB28FD62B3}.Debug|Any CPU.ActiveCfg = Debug|Any CPU
		{45CEC96C-E173-44C8-BA77-ADFB28FD62B3}.Debug|Any CPU.Build.0 = Debug|Any CPU
		{45CEC96C-E173-44C8-BA77-ADFB28FD62B3}.Debug|x64.ActiveCfg = Debug|Any CPU
		{45CEC96C-E173-44C8-BA77-ADFB28FD62B3}.Debug|x64.Build.0 = Debug|Any CPU
		{45CEC96C-E173-44C8-BA77-ADFB28FD62B3}.Debug|x86.ActiveCfg = Debug|Any CPU
		{45CEC96C-E173-44C8-BA77-ADFB28FD62B3}.Debug|x86.Build.0 = Debug|Any CPU
		{45CEC96C-E173-44C8-BA77-ADFB28FD62B3}.Release|Any CPU.ActiveCfg = Release|Any CPU
		{45CEC96C-E173-44C8-BA77-ADFB28FD62B3}.Release|Any CPU.Build.0 = Release|Any CPU
		{45CEC96C-E173-44C8-BA77-ADFB28FD62B3}.Release|x64.ActiveCfg = Release|Any CPU
		{45CEC96C-E173-44C8-BA77-ADFB28FD62B3}.Release|x64.Build.0 = Release|Any CPU
		{45CEC96C-E173-44C8-BA77-ADFB28FD62B3}.Release|x86.ActiveCfg = Release|Any CPU
		{45CEC96C-E173-44C8-BA77-ADFB28FD62B3}.Release|x86.Build.0 = Release|Any CPU
		{97FB5548-5131-4F82-AD18-42576D6BDF62}.Debug|Any CPU.ActiveCfg = Debug|Any CPU
		{97FB5548-5131-4F82-AD18-42576D6BDF62}.Debug|Any CPU.Build.0 = Debug|Any CPU
		{97FB5548-5131-4F82-AD18-42576D6BDF62}.Debug|x64.ActiveCfg = Debug|Any CPU
		{97FB5548-5131-4F82-AD18-42576D6BDF62}.Debug|x64.Build.0 = Debug|Any CPU
		{97FB5548-5131-4F82-AD18-42576D6BDF62}.Debug|x86.ActiveCfg = Debug|Any CPU
		{97FB5548-5131-4F82-AD18-42576D6BDF62}.Debug|x86.Build.0 = Debug|Any CPU
		{97FB5548-5131-4F82-AD18-42576D6BDF62}.Release|Any CPU.ActiveCfg = Release|Any CPU
		{97FB5548-5131-4F82-AD18-42576D6BDF62}.Release|Any CPU.Build.0 = Release|Any CPU
		{97FB5548-5131-4F82-AD18-42576D6BDF62}.Release|x64.ActiveCfg = Release|Any CPU
		{97FB5548-5131-4F82-AD18-42576D6BDF62}.Release|x64.Build.0 = Release|Any CPU
		{97FB5548-5131-4F82-AD18-42576D6BDF62}.Release|x86.ActiveCfg = Release|Any CPU
		{97FB5548-5131-4F82-AD18-42576D6BDF62}.Release|x86.Build.0 = Release|Any CPU
		{D8809347-9362-433F-B211-1B8DCDF55E51}.Debug|Any CPU.ActiveCfg = Debug|Any CPU
		{D8809347-9362-433F-B211-1B8DCDF55E51}.Debug|Any CPU.Build.0 = Debug|Any CPU
		{D8809347-9362-433F-B211-1B8DCDF55E51}.Debug|x64.ActiveCfg = Debug|Any CPU
		{D8809347-9362-433F-B211-1B8DCDF55E51}.Debug|x64.Build.0 = Debug|Any CPU
		{D8809347-9362-433F-B211-1B8DCDF55E51}.Debug|x86.ActiveCfg = Debug|Any CPU
		{D8809347-9362-433F-B211-1B8DCDF55E51}.Debug|x86.Build.0 = Debug|Any CPU
		{D8809347-9362-433F-B211-1B8DCDF55E51}.Release|Any CPU.ActiveCfg = Release|Any CPU
		{D8809347-9362-433F-B211-1B8DCDF55E51}.Release|Any CPU.Build.0 = Release|Any CPU
		{D8809347-9362-433F-B211-1B8DCDF55E51}.Release|x64.ActiveCfg = Release|Any CPU
		{D8809347-9362-433F-B211-1B8DCDF55E51}.Release|x64.Build.0 = Release|Any CPU
		{D8809347-9362-433F-B211-1B8DCDF55E51}.Release|x86.ActiveCfg = Release|Any CPU
		{D8809347-9362-433F-B211-1B8DCDF55E51}.Release|x86.Build.0 = Release|Any CPU
		{6D0C7940-D537-4CC7-9FDB-B77E7353E8EC}.Debug|Any CPU.ActiveCfg = Debug|Any CPU
		{6D0C7940-D537-4CC7-9FDB-B77E7353E8EC}.Debug|Any CPU.Build.0 = Debug|Any CPU
		{6D0C7940-D537-4CC7-9FDB-B77E7353E8EC}.Debug|x64.ActiveCfg = Debug|Any CPU
		{6D0C7940-D537-4CC7-9FDB-B77E7353E8EC}.Debug|x64.Build.0 = Debug|Any CPU
		{6D0C7940-D537-4CC7-9FDB-B77E7353E8EC}.Debug|x86.ActiveCfg = Debug|Any CPU
		{6D0C7940-D537-4CC7-9FDB-B77E7353E8EC}.Debug|x86.Build.0 = Debug|Any CPU
		{6D0C7940-D537-4CC7-9FDB-B77E7353E8EC}.Release|Any CPU.ActiveCfg = Release|Any CPU
		{6D0C7940-D537-4CC7-9FDB-B77E7353E8EC}.Release|Any CPU.Build.0 = Release|Any CPU
		{6D0C7940-D537-4CC7-9FDB-B77E7353E8EC}.Release|x64.ActiveCfg = Release|Any CPU
		{6D0C7940-D537-4CC7-9FDB-B77E7353E8EC}.Release|x64.Build.0 = Release|Any CPU
		{6D0C7940-D537-4CC7-9FDB-B77E7353E8EC}.Release|x86.ActiveCfg = Release|Any CPU
		{6D0C7940-D537-4CC7-9FDB-B77E7353E8EC}.Release|x86.Build.0 = Release|Any CPU
		{AD3127B5-6A1B-4A5D-AD8D-2368B4557070}.Debug|Any CPU.ActiveCfg = Debug|Any CPU
		{AD3127B5-6A1B-4A5D-AD8D-2368B4557070}.Debug|Any CPU.Build.0 = Debug|Any CPU
		{AD3127B5-6A1B-4A5D-AD8D-2368B4557070}.Debug|x64.ActiveCfg = Debug|Any CPU
		{AD3127B5-6A1B-4A5D-AD8D-2368B4557070}.Debug|x64.Build.0 = Debug|Any CPU
		{AD3127B5-6A1B-4A5D-AD8D-2368B4557070}.Debug|x86.ActiveCfg = Debug|Any CPU
		{AD3127B5-6A1B-4A5D-AD8D-2368B4557070}.Debug|x86.Build.0 = Debug|Any CPU
		{AD3127B5-6A1B-4A5D-AD8D-2368B4557070}.Release|Any CPU.ActiveCfg = Release|Any CPU
		{AD3127B5-6A1B-4A5D-AD8D-2368B4557070}.Release|Any CPU.Build.0 = Release|Any CPU
		{AD3127B5-6A1B-4A5D-AD8D-2368B4557070}.Release|x64.ActiveCfg = Release|Any CPU
		{AD3127B5-6A1B-4A5D-AD8D-2368B4557070}.Release|x64.Build.0 = Release|Any CPU
		{AD3127B5-6A1B-4A5D-AD8D-2368B4557070}.Release|x86.ActiveCfg = Release|Any CPU
		{AD3127B5-6A1B-4A5D-AD8D-2368B4557070}.Release|x86.Build.0 = Release|Any CPU
		{97CE1883-D707-49D4-B416-7ECDACDB29E1}.Debug|Any CPU.ActiveCfg = Debug|Any CPU
		{97CE1883-D707-49D4-B416-7ECDACDB29E1}.Debug|Any CPU.Build.0 = Debug|Any CPU
		{97CE1883-D707-49D4-B416-7ECDACDB29E1}.Debug|x64.ActiveCfg = Debug|Any CPU
		{97CE1883-D707-49D4-B416-7ECDACDB29E1}.Debug|x64.Build.0 = Debug|Any CPU
		{97CE1883-D707-49D4-B416-7ECDACDB29E1}.Debug|x86.ActiveCfg = Debug|Any CPU
		{97CE1883-D707-49D4-B416-7ECDACDB29E1}.Debug|x86.Build.0 = Debug|Any CPU
		{97CE1883-D707-49D4-B416-7ECDACDB29E1}.Release|Any CPU.ActiveCfg = Release|Any CPU
		{97CE1883-D707-49D4-B416-7ECDACDB29E1}.Release|Any CPU.Build.0 = Release|Any CPU
		{97CE1883-D707-49D4-B416-7ECDACDB29E1}.Release|x64.ActiveCfg = Release|Any CPU
		{97CE1883-D707-49D4-B416-7ECDACDB29E1}.Release|x64.Build.0 = Release|Any CPU
		{97CE1883-D707-49D4-B416-7ECDACDB29E1}.Release|x86.ActiveCfg = Release|Any CPU
		{97CE1883-D707-49D4-B416-7ECDACDB29E1}.Release|x86.Build.0 = Release|Any CPU
		{1429853C-18A1-41DE-A77F-47CEE7ABDD76}.Debug|Any CPU.ActiveCfg = Debug|Any CPU
		{1429853C-18A1-41DE-A77F-47CEE7ABDD76}.Debug|Any CPU.Build.0 = Debug|Any CPU
		{1429853C-18A1-41DE-A77F-47CEE7ABDD76}.Debug|x64.ActiveCfg = Debug|Any CPU
		{1429853C-18A1-41DE-A77F-47CEE7ABDD76}.Debug|x64.Build.0 = Debug|Any CPU
		{1429853C-18A1-41DE-A77F-47CEE7ABDD76}.Debug|x86.ActiveCfg = Debug|Any CPU
		{1429853C-18A1-41DE-A77F-47CEE7ABDD76}.Debug|x86.Build.0 = Debug|Any CPU
		{1429853C-18A1-41DE-A77F-47CEE7ABDD76}.Release|Any CPU.ActiveCfg = Release|Any CPU
		{1429853C-18A1-41DE-A77F-47CEE7ABDD76}.Release|Any CPU.Build.0 = Release|Any CPU
		{1429853C-18A1-41DE-A77F-47CEE7ABDD76}.Release|x64.ActiveCfg = Release|Any CPU
		{1429853C-18A1-41DE-A77F-47CEE7ABDD76}.Release|x64.Build.0 = Release|Any CPU
		{1429853C-18A1-41DE-A77F-47CEE7ABDD76}.Release|x86.ActiveCfg = Release|Any CPU
		{1429853C-18A1-41DE-A77F-47CEE7ABDD76}.Release|x86.Build.0 = Release|Any CPU
		{D1F10E98-2AF7-49B3-AD89-400B156C9E6B}.Debug|Any CPU.ActiveCfg = Debug|Any CPU
		{D1F10E98-2AF7-49B3-AD89-400B156C9E6B}.Debug|Any CPU.Build.0 = Debug|Any CPU
		{D1F10E98-2AF7-49B3-AD89-400B156C9E6B}.Debug|x64.ActiveCfg = Debug|Any CPU
		{D1F10E98-2AF7-49B3-AD89-400B156C9E6B}.Debug|x64.Build.0 = Debug|Any CPU
		{D1F10E98-2AF7-49B3-AD89-400B156C9E6B}.Debug|x86.ActiveCfg = Debug|Any CPU
		{D1F10E98-2AF7-49B3-AD89-400B156C9E6B}.Debug|x86.Build.0 = Debug|Any CPU
		{D1F10E98-2AF7-49B3-AD89-400B156C9E6B}.Release|Any CPU.ActiveCfg = Release|Any CPU
		{D1F10E98-2AF7-49B3-AD89-400B156C9E6B}.Release|Any CPU.Build.0 = Release|Any CPU
		{D1F10E98-2AF7-49B3-AD89-400B156C9E6B}.Release|x64.ActiveCfg = Release|Any CPU
		{D1F10E98-2AF7-49B3-AD89-400B156C9E6B}.Release|x64.Build.0 = Release|Any CPU
		{D1F10E98-2AF7-49B3-AD89-400B156C9E6B}.Release|x86.ActiveCfg = Release|Any CPU
		{D1F10E98-2AF7-49B3-AD89-400B156C9E6B}.Release|x86.Build.0 = Release|Any CPU
		{038122DF-B803-4EA8-A4DD-B0C887D589A4}.Debug|Any CPU.ActiveCfg = Debug|Any CPU
		{038122DF-B803-4EA8-A4DD-B0C887D589A4}.Debug|Any CPU.Build.0 = Debug|Any CPU
		{038122DF-B803-4EA8-A4DD-B0C887D589A4}.Debug|x64.ActiveCfg = Debug|Any CPU
		{038122DF-B803-4EA8-A4DD-B0C887D589A4}.Debug|x64.Build.0 = Debug|Any CPU
		{038122DF-B803-4EA8-A4DD-B0C887D589A4}.Debug|x86.ActiveCfg = Debug|Any CPU
		{038122DF-B803-4EA8-A4DD-B0C887D589A4}.Debug|x86.Build.0 = Debug|Any CPU
		{038122DF-B803-4EA8-A4DD-B0C887D589A4}.Release|Any CPU.ActiveCfg = Release|Any CPU
		{038122DF-B803-4EA8-A4DD-B0C887D589A4}.Release|Any CPU.Build.0 = Release|Any CPU
		{038122DF-B803-4EA8-A4DD-B0C887D589A4}.Release|x64.ActiveCfg = Release|Any CPU
		{038122DF-B803-4EA8-A4DD-B0C887D589A4}.Release|x64.Build.0 = Release|Any CPU
		{038122DF-B803-4EA8-A4DD-B0C887D589A4}.Release|x86.ActiveCfg = Release|Any CPU
		{038122DF-B803-4EA8-A4DD-B0C887D589A4}.Release|x86.Build.0 = Release|Any CPU
		{3C8BF8CB-447E-4FA8-A64C-198091C8D2D9}.Debug|Any CPU.ActiveCfg = Debug|Any CPU
		{3C8BF8CB-447E-4FA8-A64C-198091C8D2D9}.Debug|Any CPU.Build.0 = Debug|Any CPU
		{3C8BF8CB-447E-4FA8-A64C-198091C8D2D9}.Debug|x64.ActiveCfg = Debug|Any CPU
		{3C8BF8CB-447E-4FA8-A64C-198091C8D2D9}.Debug|x64.Build.0 = Debug|Any CPU
		{3C8BF8CB-447E-4FA8-A64C-198091C8D2D9}.Debug|x86.ActiveCfg = Debug|Any CPU
		{3C8BF8CB-447E-4FA8-A64C-198091C8D2D9}.Debug|x86.Build.0 = Debug|Any CPU
		{3C8BF8CB-447E-4FA8-A64C-198091C8D2D9}.Release|Any CPU.ActiveCfg = Release|Any CPU
		{3C8BF8CB-447E-4FA8-A64C-198091C8D2D9}.Release|Any CPU.Build.0 = Release|Any CPU
		{3C8BF8CB-447E-4FA8-A64C-198091C8D2D9}.Release|x64.ActiveCfg = Release|Any CPU
		{3C8BF8CB-447E-4FA8-A64C-198091C8D2D9}.Release|x64.Build.0 = Release|Any CPU
		{3C8BF8CB-447E-4FA8-A64C-198091C8D2D9}.Release|x86.ActiveCfg = Release|Any CPU
		{3C8BF8CB-447E-4FA8-A64C-198091C8D2D9}.Release|x86.Build.0 = Release|Any CPU
	EndGlobalSection
	GlobalSection(SolutionProperties) = preSolution
		HideSolutionNode = FALSE
	EndGlobalSection
	GlobalSection(NestedProjects) = preSolution
		{9725CC31-DE60-F539-6DA7-1BCF116AA361} = {A45A6CC6-7B15-4CBF-9DB8-5BD83628746C}
		{18A00390-43D6-4602-A687-1C87EF1EF18F} = {A45A6CC6-7B15-4CBF-9DB8-5BD83628746C}
		{A3EB7822-0E9D-4808-BFBC-CE7D3A1EB49A} = {A45A6CC6-7B15-4CBF-9DB8-5BD83628746C}
		{A45A6CC6-7B15-4CBF-9DB8-5BD83628746C} = {36D591C7-65C7-A0D1-1CBC-10CDE441BDC8}
		{719DDF97-8EE1-4878-A7D8-D243B65C33A3} = {A45A6CC6-7B15-4CBF-9DB8-5BD83628746C}
		{8AB4604B-5289-4408-986B-26749C138922} = {36D591C7-65C7-A0D1-1CBC-10CDE441BDC8}
		{6F26A455-D9DA-4FF7-BD31-37C37C5205D7} = {36D591C7-65C7-A0D1-1CBC-10CDE441BDC8}
		{0D12C02A-855C-4DE2-891E-AAB43904AEEA} = {8AB4604B-5289-4408-986B-26749C138922}
		{964550B6-6BC7-401C-9837-57D980FB2978} = {8AB4604B-5289-4408-986B-26749C138922}
		{E7DF5207-6CD9-465B-848D-D5CB67A3FF9B} = {8AB4604B-5289-4408-986B-26749C138922}
		{45CEC96C-E173-44C8-BA77-ADFB28FD62B3} = {8AB4604B-5289-4408-986B-26749C138922}
		{97FB5548-5131-4F82-AD18-42576D6BDF62} = {6F26A455-D9DA-4FF7-BD31-37C37C5205D7}
		{D8809347-9362-433F-B211-1B8DCDF55E51} = {6F26A455-D9DA-4FF7-BD31-37C37C5205D7}
		{6D0C7940-D537-4CC7-9FDB-B77E7353E8EC} = {6F26A455-D9DA-4FF7-BD31-37C37C5205D7}
		{AD3127B5-6A1B-4A5D-AD8D-2368B4557070} = {6F26A455-D9DA-4FF7-BD31-37C37C5205D7}
		{97CE1883-D707-49D4-B416-7ECDACDB29E1} = {8E0361AB-2F31-4477-BCFF-45FEEA21FFCB}
		{1429853C-18A1-41DE-A77F-47CEE7ABDD76} = {8E0361AB-2F31-4477-BCFF-45FEEA21FFCB}
		{DD80A110-ABCC-4C4D-A361-06630A581EB8} = {36D591C7-65C7-A0D1-1CBC-10CDE441BDC8}
		{D1F10E98-2AF7-49B3-AD89-400B156C9E6B} = {DD80A110-ABCC-4C4D-A361-06630A581EB8}
		{038122DF-B803-4EA8-A4DD-B0C887D589A4} = {DD80A110-ABCC-4C4D-A361-06630A581EB8}
		{3C8BF8CB-447E-4FA8-A64C-198091C8D2D9} = {DD80A110-ABCC-4C4D-A361-06630A581EB8}
	EndGlobalSection
	GlobalSection(ExtensibilityGlobals) = postSolution
		SolutionGuid = {B255A178-271E-4146-9A12-844CC3DAB9B0}
	EndGlobalSection
EndGlobal
